
Microsoft Visual Studio Solution File, Format Version 12.00
# Visual Studio Version 16
VisualStudioVersion = 16.0.31112.23
MinimumVisualStudioVersion = 10.0.40219.1
Project("{FAE04EC0-301F-11D3-BF4B-00C04F79EFBC}") = "WF_UDVOITEL", "WF_UDVOITEL\WF_UDVOITEL.csproj", "{EE19222C-5306-4060-A537-9E4254E03F23}"
EndProject
Project("{FAE04EC0-301F-11D3-BF4B-00C04F79EFBC}") = "GetNumber", "GetNumber\GetNumber.csproj", "{18A040BA-3A1A-48A2-B061-79BEA0252463}"
EndProject
Global
	GlobalSection(SolutionConfigurationPlatforms) = preSolution
		Debug|Any CPU = Debug|Any CPU
		Release|Any CPU = Release|Any CPU
	EndGlobalSection
	GlobalSection(ProjectConfigurationPlatforms) = postSolution
		{EE19222C-5306-4060-A537-9E4254E03F23}.Debug|Any CPU.ActiveCfg = Debug|Any CPU
		{EE19222C-5306-4060-A537-9E4254E03F23}.Debug|Any CPU.Build.0 = Debug|Any CPU
		{EE19222C-5306-4060-A537-9E4254E03F23}.Release|Any CPU.ActiveCfg = Release|Any CPU
		{EE19222C-5306-4060-A537-9E4254E03F23}.Release|Any CPU.Build.0 = Release|Any CPU
		{18A040BA-3A1A-48A2-B061-79BEA0252463}.Debug|Any CPU.ActiveCfg = Debug|Any CPU
		{18A040BA-3A1A-48A2-B061-79BEA0252463}.Debug|Any CPU.Build.0 = Debug|Any CPU
		{18A040BA-3A1A-48A2-B061-79BEA0252463}.Release|Any CPU.ActiveCfg = Release|Any CPU
		{18A040BA-3A1A-48A2-B061-79BEA0252463}.Release|Any CPU.Build.0 = Release|Any CPU
	EndGlobalSection
	GlobalSection(SolutionProperties) = preSolution
		HideSolutionNode = FALSE
	EndGlobalSection
	GlobalSection(ExtensibilityGlobals) = postSolution
		SolutionGuid = {469F0B95-A03E-4765-8D70-8E002EBE0A56}
	EndGlobalSection
EndGlobal
